
Microsoft Visual Studio Solution File, Format Version 12.00
# Visual Studio Version 17
VisualStudioVersion = 17.14.36310.24 d17.14
MinimumVisualStudioVersion = 10.0.40219.1
Project("{FAE04EC0-301F-11D3-BF4B-00C04F79EFBC}") = "PMS_APIs", "PMS_APIs.csproj", "{8B29B3F0-19FE-4C93-A708-6DEDA9B84214}"
EndProject
Global
	GlobalSection(SolutionConfigurationPlatforms) = preSolution
		Debug|Any CPU = Debug|Any CPU
		Release|Any CPU = Release|Any CPU
	EndGlobalSection
	GlobalSection(ProjectConfigurationPlatforms) = postSolution
		{8B29B3F0-19FE-4C93-A708-6DEDA9B84214}.Debug|Any CPU.ActiveCfg = Debug|Any CPU
		{8B29B3F0-19FE-4C93-A708-6DEDA9B84214}.Debug|Any CPU.Build.0 = Debug|Any CPU
		{8B29B3F0-19FE-4C93-A708-6DEDA9B84214}.Release|Any CPU.ActiveCfg = Release|Any CPU
		{8B29B3F0-19FE-4C93-A708-6DEDA9B84214}.Release|Any CPU.Build.0 = Release|Any CPU
	EndGlobalSection
	GlobalSection(SolutionProperties) = preSolution
		HideSolutionNode = FALSE
	EndGlobalSection
	GlobalSection(ExtensibilityGlobals) = postSolution
		SolutionGuid = {FB69F729-C32E-44B1-93AE-9BD2CE232E63}
	EndGlobalSection
EndGlobal
